
Microsoft Visual Studio Solution File, Format Version 12.00
Project("{FAE04EC0-301F-11D3-BF4B-00C04F79EFBC}") = "Simplex", "Simplex\Simplex.csproj", "{E913EBC9-923B-4F7D-A11A-6E9D0E21B22A}"
EndProject
Global
	GlobalSection(SolutionConfigurationPlatforms) = preSolution
		Debug|Any CPU = Debug|Any CPU
		Release|Any CPU = Release|Any CPU
	EndGlobalSection
	GlobalSection(ProjectConfigurationPlatforms) = postSolution
		{E913EBC9-923B-4F7D-A11A-6E9D0E21B22A}.Debug|Any CPU.ActiveCfg = Debug|Any CPU
		{E913EBC9-923B-4F7D-A11A-6E9D0E21B22A}.Debug|Any CPU.Build.0 = Debug|Any CPU
		{E913EBC9-923B-4F7D-A11A-6E9D0E21B22A}.Release|Any CPU.ActiveCfg = Release|Any CPU
		{E913EBC9-923B-4F7D-A11A-6E9D0E21B22A}.Release|Any CPU.Build.0 = Release|Any CPU
	EndGlobalSection
EndGlobal
